// !$*UTF8*$!
{
	archiveVersion = 1;
	classes = {
	};
	objectVersion = 46;
	objects = {

/* Begin PBXBuildFile section */
		85FBA12A1E5C5C1200BC9777 /* main.m in Sources */ = {isa = PBXBuildFile; fileRef = 85FBA1291E5C5C1200BC9777 /* main.m */; };
		85FBA12D1E5C5C1200BC9777 /* AppDelegate.m in Sources */ = {isa = PBXBuildFile; fileRef = 85FBA12C1E5C5C1200BC9777 /* AppDelegate.m */; };
		85FBA1301E5C5C1200BC9777 /* ViewController.m in Sources */ = {isa = PBXBuildFile; fileRef = 85FBA12F1E5C5C1200BC9777 /* ViewController.m */; };
		85FBA1331E5C5C1200BC9777 /* Main.storyboard in Resources */ = {isa = PBXBuildFile; fileRef = 85FBA1311E5C5C1200BC9777 /* Main.storyboard */; };
		85FBA1351E5C5C1200BC9777 /* Assets.xcassets in Resources */ = {isa = PBXBuildFile; fileRef = 85FBA1341E5C5C1200BC9777 /* Assets.xcassets */; };
		85FBA1381E5C5C1200BC9777 /* LaunchScreen.storyboard in Resources */ = {isa = PBXBuildFile; fileRef = 85FBA1361E5C5C1200BC9777 /* LaunchScreen.storyboard */; };
		85FBA1401E5C5CD800BC9777 /* Bitmap.png in Resources */ = {isa = PBXBuildFile; fileRef = 85FBA13F1E5C5CD800BC9777 /* Bitmap.png */; };
		85FBA1461E5D4AF300BC9777 /* UIView+LightLetYourBlind.m in Sources */ = {isa = PBXBuildFile; fileRef = 85FBA1451E5D4AF300BC9777 /* UIView+LightLetYourBlind.m */; };
/* End PBXBuildFile section */

/* Begin PBXFileReference section */
		85FBA1251E5C5C1200BC9777 /* LightLetYourBlind.app */ = {isa = PBXFileReference; explicitFileType = wrapper.application; includeInIndex = 0; path = LightLetYourBlind.app; sourceTree = BUILT_PRODUCTS_DIR; };
		85FBA1291E5C5C1200BC9777 /* main.m */ = {isa = PBXFileReference; lastKnownFileType = sourcecode.c.objc; path = main.m; sourceTree = "<group>"; };
		85FBA12B1E5C5C1200BC9777 /* AppDelegate.h */ = {isa = PBXFileReference; lastKnownFileType = sourcecode.c.h; path = AppDelegate.h; sourceTree = "<group>"; };
		85FBA12C1E5C5C1200BC9777 /* AppDelegate.m */ = {isa = PBXFileReference; lastKnownFileType = sourcecode.c.objc; path = AppDelegate.m; sourceTree = "<group>"; };
		85FBA12E1E5C5C1200BC9777 /* ViewController.h */ = {isa = PBXFileReference; lastKnownFileType = sourcecode.c.h; path = ViewController.h; sourceTree = "<group>"; };
		85FBA12F1E5C5C1200BC9777 /* ViewController.m */ = {isa = PBXFileReference; lastKnownFileType = sourcecode.c.objc; path = ViewController.m; sourceTree = "<group>"; };
		85FBA1321E5C5C1200BC9777 /* Base */ = {isa = PBXFileReference; lastKnownFileType = file.storyboard; name = Base; path = Base.lproj/Main.storyboard; sourceTree = "<group>"; };
		85FBA1341E5C5C1200BC9777 /* Assets.xcassets */ = {isa = PBXFileReference; lastKnownFileType = folder.assetcatalog; path = Assets.xcassets; sourceTree = "<group>"; };
		85FBA1371E5C5C1200BC9777 /* Base */ = {isa = PBXFileReference; lastKnownFileType = file.storyboard; name = Base; path = Base.lproj/LaunchScreen.storyboard; sourceTree = "<group>"; };
		85FBA1391E5C5C1200BC9777 /* Info.plist */ = {isa = PBXFileReference; lastKnownFileType = text.plist.xml; path = Info.plist; sourceTree = "<group>"; };
		85FBA13F1E5C5CD800BC9777 /* Bitmap.png */ = {isa = PBXFileReference; lastKnownFileType = image.png; path = Bitmap.png; sourceTree = "<group>"; };
		85FBA1441E5D4AF300BC9777 /* UIView+LightLetYourBlind.h */ = {isa = PBXFileReference; fileEncoding = 4; lastKnownFileType = sourcecode.c.h; path = "UIView+LightLetYourBlind.h"; sourceTree = "<group>"; };
		85FBA1451E5D4AF300BC9777 /* UIView+LightLetYourBlind.m */ = {isa = PBXFileReference; fileEncoding = 4; lastKnownFileType = sourcecode.c.objc; path = "UIView+LightLetYourBlind.m"; sourceTree = "<group>"; };
/* End PBXFileReference section */

/* Begin PBXFrameworksBuildPhase section */
		85FBA1221E5C5C1200BC9777 /* Frameworks */ = {
			isa = PBXFrameworksBuildPhase;
			buildActionMask = 2147483647;
			files = (
			);
			runOnlyForDeploymentPostprocessing = 0;
		};
/* End PBXFrameworksBuildPhase section */

/* Begin PBXGroup section */
		85FBA11C1E5C5C1200BC9777 = {
			isa = PBXGroup;
			children = (
				85FBA1271E5C5C1200BC9777 /* LightLetYourBlind */,
				85FBA1261E5C5C1200BC9777 /* Products */,
			);
			sourceTree = "<group>";
		};
		85FBA1261E5C5C1200BC9777 /* Products */ = {
			isa = PBXGroup;
			children = (
				85FBA1251E5C5C1200BC9777 /* LightLetYourBlind.app */,
			);
			name = Products;
			sourceTree = "<group>";
		};
		85FBA1271E5C5C1200BC9777 /* LightLetYourBlind */ = {
			isa = PBXGroup;
			children = (
				85FBA12B1E5C5C1200BC9777 /* AppDelegate.h */,
				85FBA12C1E5C5C1200BC9777 /* AppDelegate.m */,
				85FBA12E1E5C5C1200BC9777 /* ViewController.h */,
				85FBA12F1E5C5C1200BC9777 /* ViewController.m */,
				85FBA1311E5C5C1200BC9777 /* Main.storyboard */,
				85FBA1441E5D4AF300BC9777 /* UIView+LightLetYourBlind.h */,
				85FBA1451E5D4AF300BC9777 /* UIView+LightLetYourBlind.m */,
				85FBA13F1E5C5CD800BC9777 /* Bitmap.png */,
				85FBA1341E5C5C1200BC9777 /* Assets.xcassets */,
				85FBA1361E5C5C1200BC9777 /* LaunchScreen.storyboard */,
				85FBA1391E5C5C1200BC9777 /* Info.plist */,
				85FBA1281E5C5C1200BC9777 /* Supporting Files */,
			);
			path = LightLetYourBlind;
			sourceTree = "<group>";
		};
		85FBA1281E5C5C1200BC9777 /* Supporting Files */ = {
			isa = PBXGroup;
			children = (
				85FBA1291E5C5C1200BC9777 /* main.m */,
			);
			name = "Supporting Files";
			sourceTree = "<group>";
		};
/* End PBXGroup section */

/* Begin PBXNativeTarget section */
		85FBA1241E5C5C1200BC9777 /* LightLetYourBlind */ = {
			isa = PBXNativeTarget;
			buildConfigurationList = 85FBA13C1E5C5C1200BC9777 /* Build configuration list for PBXNativeTarget "LightLetYourBlind" */;
			buildPhases = (
				85FBA1211E5C5C1200BC9777 /* Sources */,
				85FBA1221E5C5C1200BC9777 /* Frameworks */,
				85FBA1231E5C5C1200BC9777 /* Resources */,
			);
			buildRules = (
			);
			dependencies = (
			);
			name = LightLetYourBlind;
			productName = LightLetYourBlind;
			productReference = 85FBA1251E5C5C1200BC9777 /* LightLetYourBlind.app */;
			productType = "com.apple.product-type.application";
		};
/* End PBXNativeTarget section */

/* Begin PBXProject section */
		85FBA11D1E5C5C1200BC9777 /* Project object */ = {
			isa = PBXProject;
			attributes = {
				LastUpgradeCheck = 0820;
				ORGANIZATIONNAME = "刘俊";
				TargetAttributes = {
					85FBA1241E5C5C1200BC9777 = {
						CreatedOnToolsVersion = 8.2.1;
						DevelopmentTeam = CDN5LEKYB6;
						ProvisioningStyle = Automatic;
					};
				};
			};
			buildConfigurationList = 85FBA1201E5C5C1200BC9777 /* Build configuration list for PBXProject "LightLetYourBlind" */;
			compatibilityVersion = "Xcode 3.2";
			developmentRegion = English;
			hasScannedForEncodings = 0;
			knownRegions = (
				en,
				Base,
			);
			mainGroup = 85FBA11C1E5C5C1200BC9777;
			productRefGroup = 85FBA1261E5C5C1200BC9777 /* Products */;
			projectDirPath = "";
			projectRoot = "";
			targets = (
				85FBA1241E5C5C1200BC9777 /* LightLetYourBlind */,
			);
		};
/* End PBXProject section */

/* Begin PBXResourcesBuildPhase section */
		85FBA1231E5C5C1200BC9777 /* Resources */ = {
			isa = PBXResourcesBuildPhase;
			buildActionMask = 2147483647;
			files = (
				85FBA1381E5C5C1200BC9777 /* LaunchScreen.storyboard in Resources */,
				85FBA1351E5C5C1200BC9777 /* Assets.xcassets in Resources */,
				85FBA1401E5C5CD800BC9777 /* Bitmap.png in Resources */,
				85FBA1331E5C5C1200BC9777 /* Main.storyboard in Resources */,
			);
			runOnlyForDeploymentPostprocessing = 0;
		};
/* End PBXResourcesBuildPhase section */

/* Begin PBXSourcesBuildPhase section */
		85FBA1211E5C5C1200BC9777 /* Sources */ = {
			isa = PBXSourcesBuildPhase;
			buildActionMask = 2147483647;
			files = (
				85FBA1301E5C5C1200BC9777 /* ViewController.m in Sources */,
				85FBA1461E5D4AF300BC9777 /* UIView+LightLetYourBlind.m in Sources */,
				85FBA12D1E5C5C1200BC9777 /* AppDelegate.m in Sources */,
				85FBA12A1E5C5C1200BC9777 /* main.m in Sources */,
			);
			runOnlyForDeploymentPostprocessing = 0;
		};
/* End PBXSourcesBuildPhase section */

/* Begin PBXVariantGroup section */
		85FBA1311E5C5C1200BC9777 /* Main.storyboard */ = {
			isa = PBXVariantGroup;
			children = (
				85FBA1321E5C5C1200BC9777 /* Base */,
			);
			name = Main.storyboard;
			sourceTree = "<group>";
		};
		85FBA1361E5C5C1200BC9777 /* LaunchScreen.storyboard */ = {
			isa = PBXVariantGroup;
			children = (
				85FBA1371E5C5C1200BC9777 /* Base */,
			);
			name = LaunchScreen.storyboard;
			sourceTree = "<group>";
		};
/* End PBXVariantGroup section */

/* Begin XCBuildConfiguration section */
		85FBA13A1E5C5C1200BC9777 /* Debug */ = {
			isa = XCBuildConfiguration;
			buildSettings = {
				ALWAYS_SEARCH_USER_PATHS = NO;
				CLANG_ANALYZER_NONNULL = YES;
				CLANG_CXX_LANGUAGE_STANDARD = "gnu++0x";
				CLANG_CXX_LIBRARY = "libc++";
				CLANG_ENABLE_MODULES = YES;
				CLANG_ENABLE_OBJC_ARC = YES;
				CLANG_WARN_BOOL_CONVERSION = YES;
				CLANG_WARN_CONSTANT_CONVERSION = YES;
				CLANG_WARN_DIRECT_OBJC_ISA_USAGE = YES_ERROR;
				CLANG_WARN_DOCUMENTATION_COMMENTS = YES;
				CLANG_WARN_EMPTY_BODY = YES;
				CLANG_WARN_ENUM_CONVERSION = YES;
				CLANG_WARN_INFINITE_RECURSION = YES;
				CLANG_WARN_INT_CONVERSION = YES;
				CLANG_WARN_OBJC_ROOT_CLASS = YES_ERROR;
				CLANG_WARN_SUSPICIOUS_MOVE = YES;
				CLANG_WARN_UNREACHABLE_CODE = YES;
				CLANG_WARN__DUPLICATE_METHOD_MATCH = YES;
				"CODE_SIGN_IDENTITY[sdk=iphoneos*]" = "iPhone Developer";
				COPY_PHASE_STRIP = NO;
				DEBUG_INFORMATION_FORMAT = dwarf;
				ENABLE_STRICT_OBJC_MSGSEND = YES;
				ENABLE_TESTABILITY = YES;
				GCC_C_LANGUAGE_STANDARD = gnu99;
				GCC_DYNAMIC_NO_PIC = NO;
				GCC_NO_COMMON_BLOCKS = YES;
				GCC_OPTIMIZATION_LEVEL = 0;
				GCC_PREPROCESSOR_DEFINITIONS = (
					"DEBUG=1",
					"$(inherited)",
				);
				GCC_WARN_64_TO_32_BIT_CONVERSION = YES;
				GCC_WARN_ABOUT_RETURN_TYPE = YES_ERROR;
				GCC_WARN_UNDECLARED_SELECTOR = YES;
				GCC_WARN_UNINITIALIZED_AUTOS = YES_AGGRESSIVE;
				GCC_WARN_UNUSED_FUNCTION = YES;
				GCC_WARN_UNUSED_VARIABLE = YES;
				IPHONEOS_DEPLOYMENT_TARGET = 10.2;
				MTL_ENABLE_DEBUG_INFO = YES;
				ONLY_ACTIVE_ARCH = YES;
				SDKROOT = iphoneos;
			};
			name = Debug;
		};
		85FBA13B1E5C5C1200BC9777 /* Release */ = {
			isa = XCBuildConfiguration;
			buildSettings = {
				ALWAYS_SEARCH_USER_PATHS = NO;
				CLANG_ANALYZER_NONNULL = YES;
				CLANG_CXX_LANGUAGE_STANDARD = "gnu++0x";
				CLANG_CXX_LIBRARY = "libc++";
				CLANG_ENABLE_MODULES = YES;
				CLANG_ENABLE_OBJC_ARC = YES;
				CLANG_WARN_BOOL_CONVERSION = YES;
				CLANG_WARN_CONSTANT_CONVERSION = YES;
				CLANG_WARN_DIRECT_OBJC_ISA_USAGE = YES_ERROR;
				CLANG_WARN_DOCUMENTATION_COMMENTS = YES;
				CLANG_WARN_EMPTY_BODY = YES;
				CLANG_WARN_ENUM_CONVERSION = YES;
				CLANG_WARN_INFINITE_RECURSION = YES;
				CLANG_WARN_INT_CONVERSION = YES;
				CLANG_WARN_OBJC_ROOT_CLASS = YES_ERROR;
				CLANG_WARN_SUSPICIOUS_MOVE = YES;
				CLANG_WARN_UNREACHABLE_CODE = YES;
				CLANG_WARN__DUPLICATE_METHOD_MATCH = YES;
				"CODE_SIGN_IDENTITY[sdk=iphoneos*]" = "iPhone Developer";
				COPY_PHASE_STRIP = NO;
				DEBUG_INFORMATION_FORMAT = "dwarf-with-dsym";
				ENABLE_NS_ASSERTIONS = NO;
				ENABLE_STRICT_OBJC_MSGSEND = YES;
				GCC_C_LANGUAGE_STANDARD = gnu99;
				GCC_NO_COMMON_BLOCKS = YES;
				GCC_WARN_64_TO_32_BIT_CONVERSION = YES;
				GCC_WARN_ABOUT_RETURN_TYPE = YES_ERROR;
				GCC_WARN_UNDECLARED_SELECTOR = YES;
				GCC_WARN_UNINITIALIZED_AUTOS = YES_AGGRESSIVE;
				GCC_WARN_UNUSED_FUNCTION = YES;
				GCC_WARN_UNUSED_VARIABLE = YES;
				IPHONEOS_DEPLOYMENT_TARGET = 10.2;
				MTL_ENABLE_DEBUG_INFO = NO;
				SDKROOT = iphoneos;
				VALIDATE_PRODUCT = YES;
			};
			name = Release;
		};
		85FBA13D1E5C5C1200BC9777 /* Debug */ = {
			isa = XCBuildConfiguration;
			buildSettings = {
				ASSETCATALOG_COMPILER_APPICON_NAME = AppIcon;
				DEVELOPMENT_TEAM = CDN5LEKYB6;
				INFOPLIST_FILE = LightLetYourBlind/Info.plist;
				LD_RUNPATH_SEARCH_PATHS = "$(inherited) @executable_path/Frameworks";
				PRODUCT_BUNDLE_IDENTIFIER = com.liujun.LightLetYourBlin;
				PRODUCT_NAME = "$(TARGET_NAME)";
			};
			name = Debug;
		};
		85FBA13E1E5C5C1200BC9777 /* Release */ = {
			isa = XCBuildConfiguration;
			buildSettings = {
				ASSETCATALOG_COMPILER_APPICON_NAME = AppIcon;
				DEVELOPMENT_TEAM = CDN5LEKYB6;
				INFOPLIST_FILE = LightLetYourBlind/Info.plist;
				LD_RUNPATH_SEARCH_PATHS = "$(inherited) @executable_path/Frameworks";
				PRODUCT_BUNDLE_IDENTIFIER = com.liujun.LightLetYourBlin;
				PRODUCT_NAME = "$(TARGET_NAME)";
			};
			name = Release;
		};
/* End XCBuildConfiguration section */

/* Begin XCConfigurationList section */
		85FBA1201E5C5C1200BC9777 /* Build configuration list for PBXProject "LightLetYourBlind" */ = {
			isa = XCConfigurationList;
			buildConfigurations = (
				85FBA13A1E5C5C1200BC9777 /* Debug */,
				85FBA13B1E5C5C1200BC9777 /* Release */,
			);
			defaultConfigurationIsVisible = 0;
			defaultConfigurationName = Release;
		};
		85FBA13C1E5C5C1200BC9777 /* Build configuration list for PBXNativeTarget "LightLetYourBlind" */ = {
			isa = XCConfigurationList;
			buildConfigurations = (
				85FBA13D1E5C5C1200BC9777 /* Debug */,
				85FBA13E1E5C5C1200BC9777 /* Release */,
			);
			defaultConfigurationIsVisible = 0;
		};
/* End XCConfigurationList section */
	};
	rootObject = 85FBA11D1E5C5C1200BC9777 /* Project object */;
}
