// !$*UTF8*$!
{
	archiveVersion = 1;
	classes = {
	};
	objectVersion = 46;
	objects = {

/* Begin PBXBuildFile section */
		FE1031351DD5652100A9F284 /* WHC_Frame.swift in Sources */ = {isa = PBXBuildFile; fileRef = FE1031341DD5652100A9F284 /* WHC_Frame.swift */; };
		FE4CABC41D30DBA100AC02C9 /* AutoLayoutVC.swift in Sources */ = {isa = PBXBuildFile; fileRef = FE4CABC21D30DBA100AC02C9 /* AutoLayoutVC.swift */; };
		FE4CABC61D30DBCD00AC02C9 /* AutoCellHeightVC.swift in Sources */ = {isa = PBXBuildFile; fileRef = FE4CABC51D30DBCD00AC02C9 /* AutoCellHeightVC.swift */; };
		FE4CABC81D30DBFE00AC02C9 /* StackViewVC.swift in Sources */ = {isa = PBXBuildFile; fileRef = FE4CABC71D30DBFE00AC02C9 /* StackViewVC.swift */; };
		FE4CABCA1D321EA000AC02C9 /* MyCell.swift in Sources */ = {isa = PBXBuildFile; fileRef = FE4CABC91D321EA000AC02C9 /* MyCell.swift */; };
		FEA9047C1D46F94700FB26B9 /* ModityXibVC.swift in Sources */ = {isa = PBXBuildFile; fileRef = FEA9047A1D46F94700FB26B9 /* ModityXibVC.swift */; };
		FEA9047D1D46F94700FB26B9 /* ModityXibVC.xib in Resources */ = {isa = PBXBuildFile; fileRef = FEA9047B1D46F94700FB26B9 /* ModityXibVC.xib */; };
		FEAC43C21D2FAB4400F20819 /* AppDelegate.swift in Sources */ = {isa = PBXBuildFile; fileRef = FEAC43C11D2FAB4400F20819 /* AppDelegate.swift */; };
		FEAC43C41D2FAB4400F20819 /* ViewController.swift in Sources */ = {isa = PBXBuildFile; fileRef = FEAC43C31D2FAB4400F20819 /* ViewController.swift */; };
		FEAC43C91D2FAB4400F20819 /* Assets.xcassets in Resources */ = {isa = PBXBuildFile; fileRef = FEAC43C81D2FAB4400F20819 /* Assets.xcassets */; };
		FEAC43CC1D2FAB4400F20819 /* LaunchScreen.storyboard in Resources */ = {isa = PBXBuildFile; fileRef = FEAC43CA1D2FAB4400F20819 /* LaunchScreen.storyboard */; };
		FEAC43D71D2FAB8700F20819 /* WHC_AutoCellHeight.swift in Sources */ = {isa = PBXBuildFile; fileRef = FEAC43D41D2FAB8700F20819 /* WHC_AutoCellHeight.swift */; };
		FEAC43D81D2FAB8700F20819 /* WHC_AutoLayout.swift in Sources */ = {isa = PBXBuildFile; fileRef = FEAC43D51D2FAB8700F20819 /* WHC_AutoLayout.swift */; };
		FEAC43D91D2FAB8700F20819 /* WHC_StackView.swift in Sources */ = {isa = PBXBuildFile; fileRef = FEAC43D61D2FAB8700F20819 /* WHC_StackView.swift */; };
/* End PBXBuildFile section */

/* Begin PBXFileReference section */
		FE1031341DD5652100A9F284 /* WHC_Frame.swift */ = {isa = PBXFileReference; fileEncoding = 4; lastKnownFileType = sourcecode.swift; path = WHC_Frame.swift; sourceTree = "<group>"; };
		FE4CABC21D30DBA100AC02C9 /* AutoLayoutVC.swift */ = {isa = PBXFileReference; fileEncoding = 4; lastKnownFileType = sourcecode.swift; path = AutoLayoutVC.swift; sourceTree = "<group>"; };
		FE4CABC51D30DBCD00AC02C9 /* AutoCellHeightVC.swift */ = {isa = PBXFileReference; fileEncoding = 4; lastKnownFileType = sourcecode.swift; path = AutoCellHeightVC.swift; sourceTree = "<group>"; };
		FE4CABC71D30DBFE00AC02C9 /* StackViewVC.swift */ = {isa = PBXFileReference; fileEncoding = 4; lastKnownFileType = sourcecode.swift; path = StackViewVC.swift; sourceTree = "<group>"; };
		FE4CABC91D321EA000AC02C9 /* MyCell.swift */ = {isa = PBXFileReference; fileEncoding = 4; lastKnownFileType = sourcecode.swift; path = MyCell.swift; sourceTree = "<group>"; };
		FEA9047A1D46F94700FB26B9 /* ModityXibVC.swift */ = {isa = PBXFileReference; fileEncoding = 4; lastKnownFileType = sourcecode.swift; path = ModityXibVC.swift; sourceTree = "<group>"; };
		FEA9047B1D46F94700FB26B9 /* ModityXibVC.xib */ = {isa = PBXFileReference; fileEncoding = 4; lastKnownFileType = file.xib; path = ModityXibVC.xib; sourceTree = "<group>"; };
		FEAC43BE1D2FAB4400F20819 /* WHC_AutoLayoutKit(Swift).app */ = {isa = PBXFileReference; explicitFileType = wrapper.application; includeInIndex = 0; path = "WHC_AutoLayoutKit(Swift).app"; sourceTree = BUILT_PRODUCTS_DIR; };
		FEAC43C11D2FAB4400F20819 /* AppDelegate.swift */ = {isa = PBXFileReference; lastKnownFileType = sourcecode.swift; path = AppDelegate.swift; sourceTree = "<group>"; };
		FEAC43C31D2FAB4400F20819 /* ViewController.swift */ = {isa = PBXFileReference; lastKnownFileType = sourcecode.swift; path = ViewController.swift; sourceTree = "<group>"; };
		FEAC43C81D2FAB4400F20819 /* Assets.xcassets */ = {isa = PBXFileReference; lastKnownFileType = folder.assetcatalog; path = Assets.xcassets; sourceTree = "<group>"; };
		FEAC43CB1D2FAB4400F20819 /* Base */ = {isa = PBXFileReference; lastKnownFileType = file.storyboard; name = Base; path = Base.lproj/LaunchScreen.storyboard; sourceTree = "<group>"; };
		FEAC43CD1D2FAB4400F20819 /* Info.plist */ = {isa = PBXFileReference; lastKnownFileType = text.plist.xml; path = Info.plist; sourceTree = "<group>"; };
		FEAC43D41D2FAB8700F20819 /* WHC_AutoCellHeight.swift */ = {isa = PBXFileReference; fileEncoding = 4; lastKnownFileType = sourcecode.swift; path = WHC_AutoCellHeight.swift; sourceTree = "<group>"; };
		FEAC43D51D2FAB8700F20819 /* WHC_AutoLayout.swift */ = {isa = PBXFileReference; fileEncoding = 4; lastKnownFileType = sourcecode.swift; path = WHC_AutoLayout.swift; sourceTree = "<group>"; };
		FEAC43D61D2FAB8700F20819 /* WHC_StackView.swift */ = {isa = PBXFileReference; fileEncoding = 4; lastKnownFileType = sourcecode.swift; path = WHC_StackView.swift; sourceTree = "<group>"; };
/* End PBXFileReference section */

/* Begin PBXFrameworksBuildPhase section */
		FEAC43BB1D2FAB4400F20819 /* Frameworks */ = {
			isa = PBXFrameworksBuildPhase;
			buildActionMask = 2147483647;
			files = (
			);
			runOnlyForDeploymentPostprocessing = 0;
		};
/* End PBXFrameworksBuildPhase section */

/* Begin PBXGroup section */
		FE4CABBD1D30DAF400AC02C9 /* 示例demo */ = {
			isa = PBXGroup;
			children = (
				FEA904791D46F92500FB26B9 /* 动态修改xib */,
				FE4CABC01D30DBA100AC02C9 /* AutoCellHeightDemo */,
				FE4CABC11D30DBA100AC02C9 /* AutoLayoutDemo */,
				FE4CABC31D30DBA100AC02C9 /* UIStackViewDemo */,
			);
			path = "示例demo";
			sourceTree = "<group>";
		};
		FE4CABC01D30DBA100AC02C9 /* AutoCellHeightDemo */ = {
			isa = PBXGroup;
			children = (
				FE4CABC51D30DBCD00AC02C9 /* AutoCellHeightVC.swift */,
				FE4CABC91D321EA000AC02C9 /* MyCell.swift */,
			);
			path = AutoCellHeightDemo;
			sourceTree = "<group>";
		};
		FE4CABC11D30DBA100AC02C9 /* AutoLayoutDemo */ = {
			isa = PBXGroup;
			children = (
				FE4CABC21D30DBA100AC02C9 /* AutoLayoutVC.swift */,
			);
			path = AutoLayoutDemo;
			sourceTree = "<group>";
		};
		FE4CABC31D30DBA100AC02C9 /* UIStackViewDemo */ = {
			isa = PBXGroup;
			children = (
				FE4CABC71D30DBFE00AC02C9 /* StackViewVC.swift */,
			);
			path = UIStackViewDemo;
			sourceTree = "<group>";
		};
		FEA904791D46F92500FB26B9 /* 动态修改xib */ = {
			isa = PBXGroup;
			children = (
				FEA9047A1D46F94700FB26B9 /* ModityXibVC.swift */,
				FEA9047B1D46F94700FB26B9 /* ModityXibVC.xib */,
			);
			path = "动态修改xib";
			sourceTree = "<group>";
		};
		FEAC43B51D2FAB4400F20819 = {
			isa = PBXGroup;
			children = (
				FEAC43D31D2FAB8700F20819 /* WHC_AutoLayoutKit */,
				FEAC43C01D2FAB4400F20819 /* WHC_AutoLayoutKit(Swift) */,
				FEAC43BF1D2FAB4400F20819 /* Products */,
			);
			sourceTree = "<group>";
		};
		FEAC43BF1D2FAB4400F20819 /* Products */ = {
			isa = PBXGroup;
			children = (
				FEAC43BE1D2FAB4400F20819 /* WHC_AutoLayoutKit(Swift).app */,
			);
			name = Products;
			sourceTree = "<group>";
		};
		FEAC43C01D2FAB4400F20819 /* WHC_AutoLayoutKit(Swift) */ = {
			isa = PBXGroup;
			children = (
				FEAC43C11D2FAB4400F20819 /* AppDelegate.swift */,
				FEAC43C31D2FAB4400F20819 /* ViewController.swift */,
				FE4CABBD1D30DAF400AC02C9 /* 示例demo */,
				FEAC43C81D2FAB4400F20819 /* Assets.xcassets */,
				FEAC43CA1D2FAB4400F20819 /* LaunchScreen.storyboard */,
				FEAC43CD1D2FAB4400F20819 /* Info.plist */,
			);
			path = "WHC_AutoLayoutKit(Swift)";
			sourceTree = "<group>";
		};
		FEAC43D31D2FAB8700F20819 /* WHC_AutoLayoutKit */ = {
			isa = PBXGroup;
			children = (
				FE1031341DD5652100A9F284 /* WHC_Frame.swift */,
				FEAC43D41D2FAB8700F20819 /* WHC_AutoCellHeight.swift */,
				FEAC43D51D2FAB8700F20819 /* WHC_AutoLayout.swift */,
				FEAC43D61D2FAB8700F20819 /* WHC_StackView.swift */,
			);
			path = WHC_AutoLayoutKit;
			sourceTree = "<group>";
		};
/* End PBXGroup section */

/* Begin PBXNativeTarget section */
		FEAC43BD1D2FAB4400F20819 /* WHC_AutoLayoutKit(Swift) */ = {
			isa = PBXNativeTarget;
			buildConfigurationList = FEAC43D01D2FAB4400F20819 /* Build configuration list for PBXNativeTarget "WHC_AutoLayoutKit(Swift)" */;
			buildPhases = (
				FEAC43BA1D2FAB4400F20819 /* Sources */,
				FEAC43BB1D2FAB4400F20819 /* Frameworks */,
				FEAC43BC1D2FAB4400F20819 /* Resources */,
			);
			buildRules = (
			);
			dependencies = (
			);
			name = "WHC_AutoLayoutKit(Swift)";
			productName = "WHC_AutoLayoutKit(Swift)";
			productReference = FEAC43BE1D2FAB4400F20819 /* WHC_AutoLayoutKit(Swift).app */;
			productType = "com.apple.product-type.application";
		};
/* End PBXNativeTarget section */

/* Begin PBXProject section */
		FEAC43B61D2FAB4400F20819 /* Project object */ = {
			isa = PBXProject;
			attributes = {
				LastSwiftUpdateCheck = 0730;
				LastUpgradeCheck = 0730;
				ORGANIZATIONNAME = WHC;
				TargetAttributes = {
					FEAC43BD1D2FAB4400F20819 = {
						CreatedOnToolsVersion = 7.3.1;
						DevelopmentTeam = 7F5YZXGNJ3;
						LastSwiftMigration = 0800;
					};
				};
			};
			buildConfigurationList = FEAC43B91D2FAB4400F20819 /* Build configuration list for PBXProject "WHC_AutoLayoutKit(Swift)" */;
			compatibilityVersion = "Xcode 3.2";
			developmentRegion = English;
			hasScannedForEncodings = 0;
			knownRegions = (
				en,
				Base,
			);
			mainGroup = FEAC43B51D2FAB4400F20819;
			productRefGroup = FEAC43BF1D2FAB4400F20819 /* Products */;
			projectDirPath = "";
			projectRoot = "";
			targets = (
				FEAC43BD1D2FAB4400F20819 /* WHC_AutoLayoutKit(Swift) */,
			);
		};
/* End PBXProject section */

/* Begin PBXResourcesBuildPhase section */
		FEAC43BC1D2FAB4400F20819 /* Resources */ = {
			isa = PBXResourcesBuildPhase;
			buildActionMask = 2147483647;
			files = (
				FEAC43CC1D2FAB4400F20819 /* LaunchScreen.storyboard in Resources */,
				FEA9047D1D46F94700FB26B9 /* ModityXibVC.xib in Resources */,
				FEAC43C91D2FAB4400F20819 /* Assets.xcassets in Resources */,
			);
			runOnlyForDeploymentPostprocessing = 0;
		};
/* End PBXResourcesBuildPhase section */

/* Begin PBXSourcesBuildPhase section */
		FEAC43BA1D2FAB4400F20819 /* Sources */ = {
			isa = PBXSourcesBuildPhase;
			buildActionMask = 2147483647;
			files = (
				FE1031351DD5652100A9F284 /* WHC_Frame.swift in Sources */,
				FE4CABC41D30DBA100AC02C9 /* AutoLayoutVC.swift in Sources */,
				FEAC43C41D2FAB4400F20819 /* ViewController.swift in Sources */,
				FEAC43D71D2FAB8700F20819 /* WHC_AutoCellHeight.swift in Sources */,
				FEAC43C21D2FAB4400F20819 /* AppDelegate.swift in Sources */,
				FEA9047C1D46F94700FB26B9 /* ModityXibVC.swift in Sources */,
				FEAC43D81D2FAB8700F20819 /* WHC_AutoLayout.swift in Sources */,
				FEAC43D91D2FAB8700F20819 /* WHC_StackView.swift in Sources */,
				FE4CABCA1D321EA000AC02C9 /* MyCell.swift in Sources */,
				FE4CABC81D30DBFE00AC02C9 /* StackViewVC.swift in Sources */,
				FE4CABC61D30DBCD00AC02C9 /* AutoCellHeightVC.swift in Sources */,
			);
			runOnlyForDeploymentPostprocessing = 0;
		};
/* End PBXSourcesBuildPhase section */

/* Begin PBXVariantGroup section */
		FEAC43CA1D2FAB4400F20819 /* LaunchScreen.storyboard */ = {
			isa = PBXVariantGroup;
			children = (
				FEAC43CB1D2FAB4400F20819 /* Base */,
			);
			name = LaunchScreen.storyboard;
			sourceTree = "<group>";
		};
/* End PBXVariantGroup section */

/* Begin XCBuildConfiguration section */
		FEAC43CE1D2FAB4400F20819 /* Debug */ = {
			isa = XCBuildConfiguration;
			buildSettings = {
				ALWAYS_SEARCH_USER_PATHS = NO;
				CLANG_ANALYZER_NONNULL = YES;
				CLANG_CXX_LANGUAGE_STANDARD = "gnu++0x";
				CLANG_CXX_LIBRARY = "libc++";
				CLANG_ENABLE_MODULES = YES;
				CLANG_ENABLE_OBJC_ARC = YES;
				CLANG_WARN_BOOL_CONVERSION = YES;
				CLANG_WARN_CONSTANT_CONVERSION = YES;
				CLANG_WARN_DIRECT_OBJC_ISA_USAGE = YES_ERROR;
				CLANG_WARN_EMPTY_BODY = YES;
				CLANG_WARN_ENUM_CONVERSION = YES;
				CLANG_WARN_INT_CONVERSION = YES;
				CLANG_WARN_OBJC_ROOT_CLASS = YES_ERROR;
				CLANG_WARN_UNREACHABLE_CODE = YES;
				CLANG_WARN__DUPLICATE_METHOD_MATCH = YES;
				"CODE_SIGN_IDENTITY[sdk=iphoneos*]" = "iPhone Developer";
				COPY_PHASE_STRIP = NO;
				DEBUG_INFORMATION_FORMAT = dwarf;
				ENABLE_STRICT_OBJC_MSGSEND = YES;
				ENABLE_TESTABILITY = YES;
				GCC_C_LANGUAGE_STANDARD = gnu99;
				GCC_DYNAMIC_NO_PIC = NO;
				GCC_NO_COMMON_BLOCKS = YES;
				GCC_OPTIMIZATION_LEVEL = 0;
				GCC_PREPROCESSOR_DEFINITIONS = (
					"DEBUG=1",
					"$(inherited)",
				);
				GCC_WARN_64_TO_32_BIT_CONVERSION = YES;
				GCC_WARN_ABOUT_RETURN_TYPE = YES_ERROR;
				GCC_WARN_UNDECLARED_SELECTOR = YES;
				GCC_WARN_UNINITIALIZED_AUTOS = YES_AGGRESSIVE;
				GCC_WARN_UNUSED_FUNCTION = YES;
				GCC_WARN_UNUSED_VARIABLE = YES;
				IPHONEOS_DEPLOYMENT_TARGET = 9.3;
				MTL_ENABLE_DEBUG_INFO = YES;
				ONLY_ACTIVE_ARCH = YES;
				SDKROOT = iphoneos;
				SWIFT_OPTIMIZATION_LEVEL = "-Onone";
			};
			name = Debug;
		};
		FEAC43CF1D2FAB4400F20819 /* Release */ = {
			isa = XCBuildConfiguration;
			buildSettings = {
				ALWAYS_SEARCH_USER_PATHS = NO;
				CLANG_ANALYZER_NONNULL = YES;
				CLANG_CXX_LANGUAGE_STANDARD = "gnu++0x";
				CLANG_CXX_LIBRARY = "libc++";
				CLANG_ENABLE_MODULES = YES;
				CLANG_ENABLE_OBJC_ARC = YES;
				CLANG_WARN_BOOL_CONVERSION = YES;
				CLANG_WARN_CONSTANT_CONVERSION = YES;
				CLANG_WARN_DIRECT_OBJC_ISA_USAGE = YES_ERROR;
				CLANG_WARN_EMPTY_BODY = YES;
				CLANG_WARN_ENUM_CONVERSION = YES;
				CLANG_WARN_INT_CONVERSION = YES;
				CLANG_WARN_OBJC_ROOT_CLASS = YES_ERROR;
				CLANG_WARN_UNREACHABLE_CODE = YES;
				CLANG_WARN__DUPLICATE_METHOD_MATCH = YES;
				"CODE_SIGN_IDENTITY[sdk=iphoneos*]" = "iPhone Developer";
				COPY_PHASE_STRIP = NO;
				DEBUG_INFORMATION_FORMAT = "dwarf-with-dsym";
				ENABLE_NS_ASSERTIONS = NO;
				ENABLE_STRICT_OBJC_MSGSEND = YES;
				GCC_C_LANGUAGE_STANDARD = gnu99;
				GCC_NO_COMMON_BLOCKS = YES;
				GCC_WARN_64_TO_32_BIT_CONVERSION = YES;
				GCC_WARN_ABOUT_RETURN_TYPE = YES_ERROR;
				GCC_WARN_UNDECLARED_SELECTOR = YES;
				GCC_WARN_UNINITIALIZED_AUTOS = YES_AGGRESSIVE;
				GCC_WARN_UNUSED_FUNCTION = YES;
				GCC_WARN_UNUSED_VARIABLE = YES;
				IPHONEOS_DEPLOYMENT_TARGET = 9.3;
				MTL_ENABLE_DEBUG_INFO = NO;
				SDKROOT = iphoneos;
				VALIDATE_PRODUCT = YES;
			};
			name = Release;
		};
		FEAC43D11D2FAB4400F20819 /* Debug */ = {
			isa = XCBuildConfiguration;
			buildSettings = {
				ASSETCATALOG_COMPILER_APPICON_NAME = AppIcon;
				DEVELOPMENT_TEAM = 7F5YZXGNJ3;
				INFOPLIST_FILE = "WHC_AutoLayoutKit(Swift)/Info.plist";
				IPHONEOS_DEPLOYMENT_TARGET = 7.0;
				LD_RUNPATH_SEARCH_PATHS = "$(inherited) @executable_path/Frameworks";
				PRODUCT_BUNDLE_IDENTIFIER = "WHC.WHC-AutoLayoutKit-Swift-";
				PRODUCT_NAME = "$(TARGET_NAME)";
				SWIFT_VERSION = 3.0;
			};
			name = Debug;
		};
		FEAC43D21D2FAB4400F20819 /* Release */ = {
			isa = XCBuildConfiguration;
			buildSettings = {
				ASSETCATALOG_COMPILER_APPICON_NAME = AppIcon;
				DEVELOPMENT_TEAM = 7F5YZXGNJ3;
				INFOPLIST_FILE = "WHC_AutoLayoutKit(Swift)/Info.plist";
				IPHONEOS_DEPLOYMENT_TARGET = 7.0;
				LD_RUNPATH_SEARCH_PATHS = "$(inherited) @executable_path/Frameworks";
				PRODUCT_BUNDLE_IDENTIFIER = "WHC.WHC-AutoLayoutKit-Swift-";
				PRODUCT_NAME = "$(TARGET_NAME)";
				SWIFT_VERSION = 3.0;
			};
			name = Release;
		};
/* End XCBuildConfiguration section */

/* Begin XCConfigurationList section */
		FEAC43B91D2FAB4400F20819 /* Build configuration list for PBXProject "WHC_AutoLayoutKit(Swift)" */ = {
			isa = XCConfigurationList;
			buildConfigurations = (
				FEAC43CE1D2FAB4400F20819 /* Debug */,
				FEAC43CF1D2FAB4400F20819 /* Release */,
			);
			defaultConfigurationIsVisible = 0;
			defaultConfigurationName = Release;
		};
		FEAC43D01D2FAB4400F20819 /* Build configuration list for PBXNativeTarget "WHC_AutoLayoutKit(Swift)" */ = {
			isa = XCConfigurationList;
			buildConfigurations = (
				FEAC43D11D2FAB4400F20819 /* Debug */,
				FEAC43D21D2FAB4400F20819 /* Release */,
			);
			defaultConfigurationIsVisible = 0;
			defaultConfigurationName = Release;
		};
/* End XCConfigurationList section */
	};
	rootObject = FEAC43B61D2FAB4400F20819 /* Project object */;
}
